
Microsoft Visual Studio Solution File, Format Version 12.00
# Visual Studio Version 17
VisualStudioVersion = 17.3.32901.215
MinimumVisualStudioVersion = 10.0.40219.1
Project("{FAE04EC0-301F-11D3-BF4B-00C04F79EFBC}") = "DaveTestBlazor.Server", "DaveTestBlazor\Server\DaveTestBlazor.Server.csproj", "{3EB707EF-E38D-41E8-8BB6-DE1B5B85B93D}"
EndProject
Project("{FAE04EC0-301F-11D3-BF4B-00C04F79EFBC}") = "DaveTestBlazor.Client", "DaveTestBlazor\Client\DaveTestBlazor.Client.csproj", "{929C6CD2-2502-4177-95A6-D1670F335CFF}"
EndProject
Project("{FAE04EC0-301F-11D3-BF4B-00C04F79EFBC}") = "DaveTestBlazor.Shared", "DaveTestBlazor\Shared\DaveTestBlazor.Shared.csproj", "{C1CC4F5C-357E-4AE1-B771-4F016EF9BA4C}"
EndProject
Global
	GlobalSection(SolutionConfigurationPlatforms) = preSolution
		Debug|Any CPU = Debug|Any CPU
		Release|Any CPU = Release|Any CPU
	EndGlobalSection
	GlobalSection(ProjectConfigurationPlatforms) = postSolution
		{3EB707EF-E38D-41E8-8BB6-DE1B5B85B93D}.Debug|Any CPU.ActiveCfg = Debug|Any CPU
		{3EB707EF-E38D-41E8-8BB6-DE1B5B85B93D}.Debug|Any CPU.Build.0 = Debug|Any CPU
		{3EB707EF-E38D-41E8-8BB6-DE1B5B85B93D}.Release|Any CPU.ActiveCfg = Release|Any CPU
		{3EB707EF-E38D-41E8-8BB6-DE1B5B85B93D}.Release|Any CPU.Build.0 = Release|Any CPU
		{929C6CD2-2502-4177-95A6-D1670F335CFF}.Debug|Any CPU.ActiveCfg = Debug|Any CPU
		{929C6CD2-2502-4177-95A6-D1670F335CFF}.Debug|Any CPU.Build.0 = Debug|Any CPU
		{929C6CD2-2502-4177-95A6-D1670F335CFF}.Release|Any CPU.ActiveCfg = Release|Any CPU
		{929C6CD2-2502-4177-95A6-D1670F335CFF}.Release|Any CPU.Build.0 = Release|Any CPU
		{C1CC4F5C-357E-4AE1-B771-4F016EF9BA4C}.Debug|Any CPU.ActiveCfg = Debug|Any CPU
		{C1CC4F5C-357E-4AE1-B771-4F016EF9BA4C}.Debug|Any CPU.Build.0 = Debug|Any CPU
		{C1CC4F5C-357E-4AE1-B771-4F016EF9BA4C}.Release|Any CPU.ActiveCfg = Release|Any CPU
		{C1CC4F5C-357E-4AE1-B771-4F016EF9BA4C}.Release|Any CPU.Build.0 = Release|Any CPU
	EndGlobalSection
	GlobalSection(SolutionProperties) = preSolution
		HideSolutionNode = FALSE
	EndGlobalSection
	GlobalSection(ExtensibilityGlobals) = postSolution
		SolutionGuid = {640ED945-895D-4C93-B2CB-D46AFEE17386}
	EndGlobalSection
EndGlobal
